// !$*UTF8*$!
{
	archiveVersion = 1;
	classes = {
	};
	objectVersion = 50;
	objects = {

/* Begin PBXBuildFile section */
		0007741E20CA86A000F513AC /* CCRuntimeTest.m in Sources */ = {isa = PBXBuildFile; fileRef = 0007741D20CA86A000F513AC /* CCRuntimeTest.m */; };
		0007743F20CA89C200F513AC /* AppDelegate.swift in Sources */ = {isa = PBXBuildFile; fileRef = 0007743E20CA89C200F513AC /* AppDelegate.swift */; };
		0007744120CA89C200F513AC /* ViewController.swift in Sources */ = {isa = PBXBuildFile; fileRef = 0007744020CA89C200F513AC /* ViewController.swift */; };
		0007744420CA89C200F513AC /* Main.storyboard in Resources */ = {isa = PBXBuildFile; fileRef = 0007744220CA89C200F513AC /* Main.storyboard */; };
		0007744620CA89C300F513AC /* Assets.xcassets in Resources */ = {isa = PBXBuildFile; fileRef = 0007744520CA89C300F513AC /* Assets.xcassets */; };
		0007744920CA89C300F513AC /* LaunchScreen.storyboard in Resources */ = {isa = PBXBuildFile; fileRef = 0007744720CA89C300F513AC /* LaunchScreen.storyboard */; };
		0007747E20CA8BDB00F513AC /* AppDelegate.m in Sources */ = {isa = PBXBuildFile; fileRef = 0007747D20CA8BDB00F513AC /* AppDelegate.m */; };
		0007748120CA8BDC00F513AC /* ViewController.m in Sources */ = {isa = PBXBuildFile; fileRef = 0007748020CA8BDC00F513AC /* ViewController.m */; };
		0007748320CA8BDC00F513AC /* Assets.xcassets in Resources */ = {isa = PBXBuildFile; fileRef = 0007748220CA8BDC00F513AC /* Assets.xcassets */; };
		0007748620CA8BDC00F513AC /* Main.storyboard in Resources */ = {isa = PBXBuildFile; fileRef = 0007748420CA8BDC00F513AC /* Main.storyboard */; };
		0007748920CA8BDC00F513AC /* main.m in Sources */ = {isa = PBXBuildFile; fileRef = 0007748820CA8BDC00F513AC /* main.m */; };
		0007748E20CAAC6900F513AC /* CCRuntimeTest.m in Sources */ = {isa = PBXBuildFile; fileRef = 0007741D20CA86A000F513AC /* CCRuntimeTest.m */; };
		0007748F20CAAC6A00F513AC /* CCRuntimeTest.m in Sources */ = {isa = PBXBuildFile; fileRef = 0007741D20CA86A000F513AC /* CCRuntimeTest.m */; };
		0007749820CAACF000F513AC /* AppDelegate.swift in Sources */ = {isa = PBXBuildFile; fileRef = 0007749720CAACF000F513AC /* AppDelegate.swift */; };
		0007749A20CAACF000F513AC /* ViewController.swift in Sources */ = {isa = PBXBuildFile; fileRef = 0007749920CAACF000F513AC /* ViewController.swift */; };
		0007749C20CAACF100F513AC /* Assets.xcassets in Resources */ = {isa = PBXBuildFile; fileRef = 0007749B20CAACF100F513AC /* Assets.xcassets */; };
		0007749F20CAACF100F513AC /* Main.storyboard in Resources */ = {isa = PBXBuildFile; fileRef = 0007749D20CAACF100F513AC /* Main.storyboard */; };
		000774A520CAB11800F513AC /* CCRuntimeTest.m in Sources */ = {isa = PBXBuildFile; fileRef = 0007741D20CA86A000F513AC /* CCRuntimeTest.m */; };
		0082B16020BE612F007A86E6 /* AppDelegate.m in Sources */ = {isa = PBXBuildFile; fileRef = 0082B15F20BE612F007A86E6 /* AppDelegate.m */; };
		0082B16320BE612F007A86E6 /* ViewController.m in Sources */ = {isa = PBXBuildFile; fileRef = 0082B16220BE612F007A86E6 /* ViewController.m */; };
		0082B16620BE612F007A86E6 /* Main.storyboard in Resources */ = {isa = PBXBuildFile; fileRef = 0082B16420BE612F007A86E6 /* Main.storyboard */; };
		0082B16820BE6130007A86E6 /* Assets.xcassets in Resources */ = {isa = PBXBuildFile; fileRef = 0082B16720BE6130007A86E6 /* Assets.xcassets */; };
		0082B16B20BE6130007A86E6 /* LaunchScreen.storyboard in Resources */ = {isa = PBXBuildFile; fileRef = 0082B16920BE6130007A86E6 /* LaunchScreen.storyboard */; };
		0082B16E20BE6130007A86E6 /* main.m in Sources */ = {isa = PBXBuildFile; fileRef = 0082B16D20BE6130007A86E6 /* main.m */; };
		66FEFBD4B98272A36BF1D559 /* libPods-CCRuntimeOSX.a in Frameworks */ = {isa = PBXBuildFile; fileRef = AB00B54F73BAE29D110BFABD /* libPods-CCRuntimeOSX.a */; };
		C06D733C275569065AFBB0D1 /* libPods-CCRuntimeSwiftiOS.a in Frameworks */ = {isa = PBXBuildFile; fileRef = 90DDA3C5179B973CC5516FAC /* libPods-CCRuntimeSwiftiOS.a */; };
		D551F6DC5A159B996A2DCDC2 /* libPods-CCRuntimeSwiftOSX.a in Frameworks */ = {isa = PBXBuildFile; fileRef = B9A5BBE9960B6DA5CF8CFAFC /* libPods-CCRuntimeSwiftOSX.a */; };
		E85DCB576291A3848781761E /* libPods-CCRuntimeDemo.a in Frameworks */ = {isa = PBXBuildFile; fileRef = D2B8DBF5AD451C09DCA12765 /* libPods-CCRuntimeDemo.a */; };
/* End PBXBuildFile section */

/* Begin PBXFileReference section */
		0007741C20CA86A000F513AC /* CCRuntimeTest.h */ = {isa = PBXFileReference; lastKnownFileType = sourcecode.c.h; path = CCRuntimeTest.h; sourceTree = "<group>"; };
		0007741D20CA86A000F513AC /* CCRuntimeTest.m */ = {isa = PBXFileReference; lastKnownFileType = sourcecode.c.objc; path = CCRuntimeTest.m; sourceTree = "<group>"; };
		0007743C20CA89C200F513AC /* CCRuntimeSwiftiOS.app */ = {isa = PBXFileReference; explicitFileType = wrapper.application; includeInIndex = 0; path = CCRuntimeSwiftiOS.app; sourceTree = BUILT_PRODUCTS_DIR; };
		0007743E20CA89C200F513AC /* AppDelegate.swift */ = {isa = PBXFileReference; lastKnownFileType = sourcecode.swift; path = AppDelegate.swift; sourceTree = "<group>"; };
		0007744020CA89C200F513AC /* ViewController.swift */ = {isa = PBXFileReference; lastKnownFileType = sourcecode.swift; path = ViewController.swift; sourceTree = "<group>"; };
		0007744320CA89C200F513AC /* Base */ = {isa = PBXFileReference; lastKnownFileType = file.storyboard; name = Base; path = Base.lproj/Main.storyboard; sourceTree = "<group>"; };
		0007744520CA89C300F513AC /* Assets.xcassets */ = {isa = PBXFileReference; lastKnownFileType = folder.assetcatalog; path = Assets.xcassets; sourceTree = "<group>"; };
		0007744820CA89C300F513AC /* Base */ = {isa = PBXFileReference; lastKnownFileType = file.storyboard; name = Base; path = Base.lproj/LaunchScreen.storyboard; sourceTree = "<group>"; };
		0007744A20CA89C300F513AC /* Info.plist */ = {isa = PBXFileReference; lastKnownFileType = text.plist.xml; path = Info.plist; sourceTree = "<group>"; };
		0007747A20CA8BDB00F513AC /* CCRuntimeOSX.app */ = {isa = PBXFileReference; explicitFileType = wrapper.application; includeInIndex = 0; path = CCRuntimeOSX.app; sourceTree = BUILT_PRODUCTS_DIR; };
		0007747C20CA8BDB00F513AC /* AppDelegate.h */ = {isa = PBXFileReference; lastKnownFileType = sourcecode.c.h; path = AppDelegate.h; sourceTree = "<group>"; };
		0007747D20CA8BDB00F513AC /* AppDelegate.m */ = {isa = PBXFileReference; lastKnownFileType = sourcecode.c.objc; path = AppDelegate.m; sourceTree = "<group>"; };
		0007747F20CA8BDC00F513AC /* ViewController.h */ = {isa = PBXFileReference; lastKnownFileType = sourcecode.c.h; path = ViewController.h; sourceTree = "<group>"; };
		0007748020CA8BDC00F513AC /* ViewController.m */ = {isa = PBXFileReference; lastKnownFileType = sourcecode.c.objc; path = ViewController.m; sourceTree = "<group>"; };
		0007748220CA8BDC00F513AC /* Assets.xcassets */ = {isa = PBXFileReference; lastKnownFileType = folder.assetcatalog; path = Assets.xcassets; sourceTree = "<group>"; };
		0007748520CA8BDC00F513AC /* Base */ = {isa = PBXFileReference; lastKnownFileType = file.storyboard; name = Base; path = Base.lproj/Main.storyboard; sourceTree = "<group>"; };
		0007748720CA8BDC00F513AC /* Info.plist */ = {isa = PBXFileReference; lastKnownFileType = text.plist.xml; path = Info.plist; sourceTree = "<group>"; };
		0007748820CA8BDC00F513AC /* main.m */ = {isa = PBXFileReference; lastKnownFileType = sourcecode.c.objc; path = main.m; sourceTree = "<group>"; };
		0007748A20CA8BDC00F513AC /* CCRuntimeOSX.entitlements */ = {isa = PBXFileReference; lastKnownFileType = text.plist.entitlements; path = CCRuntimeOSX.entitlements; sourceTree = "<group>"; };
		0007749520CAACF000F513AC /* CCRuntimeSwiftOSX.app */ = {isa = PBXFileReference; explicitFileType = wrapper.application; includeInIndex = 0; path = CCRuntimeSwiftOSX.app; sourceTree = BUILT_PRODUCTS_DIR; };
		0007749720CAACF000F513AC /* AppDelegate.swift */ = {isa = PBXFileReference; lastKnownFileType = sourcecode.swift; path = AppDelegate.swift; sourceTree = "<group>"; };
		0007749920CAACF000F513AC /* ViewController.swift */ = {isa = PBXFileReference; lastKnownFileType = sourcecode.swift; path = ViewController.swift; sourceTree = "<group>"; };
		0007749B20CAACF100F513AC /* Assets.xcassets */ = {isa = PBXFileReference; lastKnownFileType = folder.assetcatalog; path = Assets.xcassets; sourceTree = "<group>"; };
		0007749E20CAACF100F513AC /* Base */ = {isa = PBXFileReference; lastKnownFileType = file.storyboard; name = Base; path = Base.lproj/Main.storyboard; sourceTree = "<group>"; };
		000774A020CAACF100F513AC /* Info.plist */ = {isa = PBXFileReference; lastKnownFileType = text.plist.xml; path = Info.plist; sourceTree = "<group>"; };
		000774A120CAACF100F513AC /* CCRuntimeSwiftOSX.entitlements */ = {isa = PBXFileReference; lastKnownFileType = text.plist.entitlements; path = CCRuntimeSwiftOSX.entitlements; sourceTree = "<group>"; };
		000774AF20CAB6CC00F513AC /* CCRuntimeSwiftiOS-Bridging-Header.h */ = {isa = PBXFileReference; lastKnownFileType = sourcecode.c.h; path = "CCRuntimeSwiftiOS-Bridging-Header.h"; sourceTree = "<group>"; };
		000774B020CAB75200F513AC /* CCRuntimeSwiftOSX-Bridging-Header.h */ = {isa = PBXFileReference; lastKnownFileType = sourcecode.c.h; path = "CCRuntimeSwiftOSX-Bridging-Header.h"; sourceTree = "<group>"; };
		0082B15B20BE612F007A86E6 /* CCRuntimeDemo.app */ = {isa = PBXFileReference; explicitFileType = wrapper.application; includeInIndex = 0; path = CCRuntimeDemo.app; sourceTree = BUILT_PRODUCTS_DIR; };
		0082B15E20BE612F007A86E6 /* AppDelegate.h */ = {isa = PBXFileReference; lastKnownFileType = sourcecode.c.h; path = AppDelegate.h; sourceTree = "<group>"; };
		0082B15F20BE612F007A86E6 /* AppDelegate.m */ = {isa = PBXFileReference; lastKnownFileType = sourcecode.c.objc; path = AppDelegate.m; sourceTree = "<group>"; };
		0082B16120BE612F007A86E6 /* ViewController.h */ = {isa = PBXFileReference; lastKnownFileType = sourcecode.c.h; path = ViewController.h; sourceTree = "<group>"; };
		0082B16220BE612F007A86E6 /* ViewController.m */ = {isa = PBXFileReference; lastKnownFileType = sourcecode.c.objc; path = ViewController.m; sourceTree = "<group>"; };
		0082B16520BE612F007A86E6 /* Base */ = {isa = PBXFileReference; lastKnownFileType = file.storyboard; name = Base; path = Base.lproj/Main.storyboard; sourceTree = "<group>"; };
		0082B16720BE6130007A86E6 /* Assets.xcassets */ = {isa = PBXFileReference; lastKnownFileType = folder.assetcatalog; path = Assets.xcassets; sourceTree = "<group>"; };
		0082B16A20BE6130007A86E6 /* Base */ = {isa = PBXFileReference; lastKnownFileType = file.storyboard; name = Base; path = Base.lproj/LaunchScreen.storyboard; sourceTree = "<group>"; };
		0082B16C20BE6130007A86E6 /* Info.plist */ = {isa = PBXFileReference; lastKnownFileType = text.plist.xml; path = Info.plist; sourceTree = "<group>"; };
		0082B16D20BE6130007A86E6 /* main.m */ = {isa = PBXFileReference; lastKnownFileType = sourcecode.c.objc; path = main.m; sourceTree = "<group>"; };
		3036DEF9DFADE884AC7ECDB5 /* Pods-CCRuntimeDemo.release.xcconfig */ = {isa = PBXFileReference; includeInIndex = 1; lastKnownFileType = text.xcconfig; name = "Pods-CCRuntimeDemo.release.xcconfig"; path = "Pods/Target Support Files/Pods-CCRuntimeDemo/Pods-CCRuntimeDemo.release.xcconfig"; sourceTree = "<group>"; };
		35519B67314E58F119184E4B /* Pods-CCRuntimeSwiftOSX.release.xcconfig */ = {isa = PBXFileReference; includeInIndex = 1; lastKnownFileType = text.xcconfig; name = "Pods-CCRuntimeSwiftOSX.release.xcconfig"; path = "Pods/Target Support Files/Pods-CCRuntimeSwiftOSX/Pods-CCRuntimeSwiftOSX.release.xcconfig"; sourceTree = "<group>"; };
		43046489B9D73352BA2C6613 /* Pods-CCRuntimeOSX.release.xcconfig */ = {isa = PBXFileReference; includeInIndex = 1; lastKnownFileType = text.xcconfig; name = "Pods-CCRuntimeOSX.release.xcconfig"; path = "Pods/Target Support Files/Pods-CCRuntimeOSX/Pods-CCRuntimeOSX.release.xcconfig"; sourceTree = "<group>"; };
		5132F37C8521420F6AF2A0AF /* Pods-CCRuntimeOSX.debug.xcconfig */ = {isa = PBXFileReference; includeInIndex = 1; lastKnownFileType = text.xcconfig; name = "Pods-CCRuntimeOSX.debug.xcconfig"; path = "Pods/Target Support Files/Pods-CCRuntimeOSX/Pods-CCRuntimeOSX.debug.xcconfig"; sourceTree = "<group>"; };
		90DDA3C5179B973CC5516FAC /* libPods-CCRuntimeSwiftiOS.a */ = {isa = PBXFileReference; explicitFileType = archive.ar; includeInIndex = 0; path = "libPods-CCRuntimeSwiftiOS.a"; sourceTree = BUILT_PRODUCTS_DIR; };
		AB00B54F73BAE29D110BFABD /* libPods-CCRuntimeOSX.a */ = {isa = PBXFileReference; explicitFileType = archive.ar; includeInIndex = 0; path = "libPods-CCRuntimeOSX.a"; sourceTree = BUILT_PRODUCTS_DIR; };
		B6E5780457B3D17BE6DFBB1B /* Pods-CCRuntimeDemo.debug.xcconfig */ = {isa = PBXFileReference; includeInIndex = 1; lastKnownFileType = text.xcconfig; name = "Pods-CCRuntimeDemo.debug.xcconfig"; path = "Pods/Target Support Files/Pods-CCRuntimeDemo/Pods-CCRuntimeDemo.debug.xcconfig"; sourceTree = "<group>"; };
		B9A5BBE9960B6DA5CF8CFAFC /* libPods-CCRuntimeSwiftOSX.a */ = {isa = PBXFileReference; explicitFileType = archive.ar; includeInIndex = 0; path = "libPods-CCRuntimeSwiftOSX.a"; sourceTree = BUILT_PRODUCTS_DIR; };
		BD5B40E4C1B9FD900D3DBF76 /* Pods-CCRuntimeSwiftOSX.debug.xcconfig */ = {isa = PBXFileReference; includeInIndex = 1; lastKnownFileType = text.xcconfig; name = "Pods-CCRuntimeSwiftOSX.debug.xcconfig"; path = "Pods/Target Support Files/Pods-CCRuntimeSwiftOSX/Pods-CCRuntimeSwiftOSX.debug.xcconfig"; sourceTree = "<group>"; };
		C51C0DD8DD649E8714ED4F30 /* Pods-CCRuntimeSwiftiOS.debug.xcconfig */ = {isa = PBXFileReference; includeInIndex = 1; lastKnownFileType = text.xcconfig; name = "Pods-CCRuntimeSwiftiOS.debug.xcconfig"; path = "Pods/Target Support Files/Pods-CCRuntimeSwiftiOS/Pods-CCRuntimeSwiftiOS.debug.xcconfig"; sourceTree = "<group>"; };
		D2B8DBF5AD451C09DCA12765 /* libPods-CCRuntimeDemo.a */ = {isa = PBXFileReference; explicitFileType = archive.ar; includeInIndex = 0; path = "libPods-CCRuntimeDemo.a"; sourceTree = BUILT_PRODUCTS_DIR; };
		DA8DB40D76A7AC519181A3D8 /* Pods-CCRuntimeSwiftiOS.release.xcconfig */ = {isa = PBXFileReference; includeInIndex = 1; lastKnownFileType = text.xcconfig; name = "Pods-CCRuntimeSwiftiOS.release.xcconfig"; path = "Pods/Target Support Files/Pods-CCRuntimeSwiftiOS/Pods-CCRuntimeSwiftiOS.release.xcconfig"; sourceTree = "<group>"; };
/* End PBXFileReference section */

/* Begin PBXFrameworksBuildPhase section */
		0007743920CA89C200F513AC /* Frameworks */ = {
			isa = PBXFrameworksBuildPhase;
			buildActionMask = 2147483647;
			files = (
				C06D733C275569065AFBB0D1 /* libPods-CCRuntimeSwiftiOS.a in Frameworks */,
			);
			runOnlyForDeploymentPostprocessing = 0;
		};
		0007747720CA8BDB00F513AC /* Frameworks */ = {
			isa = PBXFrameworksBuildPhase;
			buildActionMask = 2147483647;
			files = (
				66FEFBD4B98272A36BF1D559 /* libPods-CCRuntimeOSX.a in Frameworks */,
			);
			runOnlyForDeploymentPostprocessing = 0;
		};
		0007749220CAACF000F513AC /* Frameworks */ = {
			isa = PBXFrameworksBuildPhase;
			buildActionMask = 2147483647;
			files = (
				D551F6DC5A159B996A2DCDC2 /* libPods-CCRuntimeSwiftOSX.a in Frameworks */,
			);
			runOnlyForDeploymentPostprocessing = 0;
		};
		0082B15820BE612F007A86E6 /* Frameworks */ = {
			isa = PBXFrameworksBuildPhase;
			buildActionMask = 2147483647;
			files = (
				E85DCB576291A3848781761E /* libPods-CCRuntimeDemo.a in Frameworks */,
			);
			runOnlyForDeploymentPostprocessing = 0;
		};
/* End PBXFrameworksBuildPhase section */

/* Begin PBXGroup section */
		0007741B20CA868000F513AC /* CCRuntimeTest */ = {
			isa = PBXGroup;
			children = (
				0007741C20CA86A000F513AC /* CCRuntimeTest.h */,
				0007741D20CA86A000F513AC /* CCRuntimeTest.m */,
			);
			path = CCRuntimeTest;
			sourceTree = "<group>";
		};
		0007743D20CA89C200F513AC /* CCRuntimeSwiftiOS */ = {
			isa = PBXGroup;
			children = (
				0007743E20CA89C200F513AC /* AppDelegate.swift */,
				0007744020CA89C200F513AC /* ViewController.swift */,
				0007744220CA89C200F513AC /* Main.storyboard */,
				0007744520CA89C300F513AC /* Assets.xcassets */,
				0007744720CA89C300F513AC /* LaunchScreen.storyboard */,
				0007744A20CA89C300F513AC /* Info.plist */,
				000774AF20CAB6CC00F513AC /* CCRuntimeSwiftiOS-Bridging-Header.h */,
			);
			path = CCRuntimeSwiftiOS;
			sourceTree = "<group>";
		};
		0007747B20CA8BDB00F513AC /* CCRuntimeOSX */ = {
			isa = PBXGroup;
			children = (
				0007747C20CA8BDB00F513AC /* AppDelegate.h */,
				0007747D20CA8BDB00F513AC /* AppDelegate.m */,
				0007747F20CA8BDC00F513AC /* ViewController.h */,
				0007748020CA8BDC00F513AC /* ViewController.m */,
				0007748220CA8BDC00F513AC /* Assets.xcassets */,
				0007748420CA8BDC00F513AC /* Main.storyboard */,
				0007748720CA8BDC00F513AC /* Info.plist */,
				0007748820CA8BDC00F513AC /* main.m */,
				0007748A20CA8BDC00F513AC /* CCRuntimeOSX.entitlements */,
			);
			path = CCRuntimeOSX;
			sourceTree = "<group>";
		};
		0007749620CAACF000F513AC /* CCRuntimeSwiftOSX */ = {
			isa = PBXGroup;
			children = (
				0007749720CAACF000F513AC /* AppDelegate.swift */,
				0007749920CAACF000F513AC /* ViewController.swift */,
				0007749B20CAACF100F513AC /* Assets.xcassets */,
				0007749D20CAACF100F513AC /* Main.storyboard */,
				000774A020CAACF100F513AC /* Info.plist */,
				000774A120CAACF100F513AC /* CCRuntimeSwiftOSX.entitlements */,
				000774B020CAB75200F513AC /* CCRuntimeSwiftOSX-Bridging-Header.h */,
			);
			path = CCRuntimeSwiftOSX;
			sourceTree = "<group>";
		};
		0082B15220BE612F007A86E6 = {
			isa = PBXGroup;
			children = (
				0007741B20CA868000F513AC /* CCRuntimeTest */,
				0082B15D20BE612F007A86E6 /* CCRuntimeDemo */,
				0007747B20CA8BDB00F513AC /* CCRuntimeOSX */,
				0007743D20CA89C200F513AC /* CCRuntimeSwiftiOS */,
				0007749620CAACF000F513AC /* CCRuntimeSwiftOSX */,
				0082B15C20BE612F007A86E6 /* Products */,
				A7E208BAE8CC957D8F2DA318 /* Pods */,
				01092F4D6B78D8620FEF7204 /* Frameworks */,
			);
			sourceTree = "<group>";
		};
		0082B15C20BE612F007A86E6 /* Products */ = {
			isa = PBXGroup;
			children = (
				0082B15B20BE612F007A86E6 /* CCRuntimeDemo.app */,
				0007743C20CA89C200F513AC /* CCRuntimeSwiftiOS.app */,
				0007747A20CA8BDB00F513AC /* CCRuntimeOSX.app */,
				0007749520CAACF000F513AC /* CCRuntimeSwiftOSX.app */,
			);
			name = Products;
			sourceTree = "<group>";
		};
		0082B15D20BE612F007A86E6 /* CCRuntimeDemo */ = {
			isa = PBXGroup;
			children = (
				0082B15E20BE612F007A86E6 /* AppDelegate.h */,
				0082B15F20BE612F007A86E6 /* AppDelegate.m */,
				0082B16120BE612F007A86E6 /* ViewController.h */,
				0082B16220BE612F007A86E6 /* ViewController.m */,
				0082B16420BE612F007A86E6 /* Main.storyboard */,
				0082B16720BE6130007A86E6 /* Assets.xcassets */,
				0082B16920BE6130007A86E6 /* LaunchScreen.storyboard */,
				0082B16C20BE6130007A86E6 /* Info.plist */,
				0082B16D20BE6130007A86E6 /* main.m */,
			);
			path = CCRuntimeDemo;
			sourceTree = "<group>";
		};
		01092F4D6B78D8620FEF7204 /* Frameworks */ = {
			isa = PBXGroup;
			children = (
				D2B8DBF5AD451C09DCA12765 /* libPods-CCRuntimeDemo.a */,
				AB00B54F73BAE29D110BFABD /* libPods-CCRuntimeOSX.a */,
				B9A5BBE9960B6DA5CF8CFAFC /* libPods-CCRuntimeSwiftOSX.a */,
				90DDA3C5179B973CC5516FAC /* libPods-CCRuntimeSwiftiOS.a */,
			);
			name = Frameworks;
			sourceTree = "<group>";
		};
		A7E208BAE8CC957D8F2DA318 /* Pods */ = {
			isa = PBXGroup;
			children = (
				B6E5780457B3D17BE6DFBB1B /* Pods-CCRuntimeDemo.debug.xcconfig */,
				3036DEF9DFADE884AC7ECDB5 /* Pods-CCRuntimeDemo.release.xcconfig */,
				5132F37C8521420F6AF2A0AF /* Pods-CCRuntimeOSX.debug.xcconfig */,
				43046489B9D73352BA2C6613 /* Pods-CCRuntimeOSX.release.xcconfig */,
				BD5B40E4C1B9FD900D3DBF76 /* Pods-CCRuntimeSwiftOSX.debug.xcconfig */,
				35519B67314E58F119184E4B /* Pods-CCRuntimeSwiftOSX.release.xcconfig */,
				C51C0DD8DD649E8714ED4F30 /* Pods-CCRuntimeSwiftiOS.debug.xcconfig */,
				DA8DB40D76A7AC519181A3D8 /* Pods-CCRuntimeSwiftiOS.release.xcconfig */,
			);
			name = Pods;
			sourceTree = "<group>";
		};
/* End PBXGroup section */

/* Begin PBXNativeTarget section */
		0007743B20CA89C200F513AC /* CCRuntimeSwiftiOS */ = {
			isa = PBXNativeTarget;
			buildConfigurationList = 0007744B20CA89C300F513AC /* Build configuration list for PBXNativeTarget "CCRuntimeSwiftiOS" */;
			buildPhases = (
				F10B5E306A99D7F8BE38915B /* [CP] Check Pods Manifest.lock */,
				0007743820CA89C200F513AC /* Sources */,
				0007743920CA89C200F513AC /* Frameworks */,
				0007743A20CA89C200F513AC /* Resources */,
				1E55B00609866D2BF3DF8749 /* [CP] Copy Pods Resources */,
			);
			buildRules = (
			);
			dependencies = (
			);
			name = CCRuntimeSwiftiOS;
			productName = CCRuntimeSwiftiOS;
			productReference = 0007743C20CA89C200F513AC /* CCRuntimeSwiftiOS.app */;
			productType = "com.apple.product-type.application";
		};
		0007747920CA8BDB00F513AC /* CCRuntimeOSX */ = {
			isa = PBXNativeTarget;
			buildConfigurationList = 0007748B20CA8BDC00F513AC /* Build configuration list for PBXNativeTarget "CCRuntimeOSX" */;
			buildPhases = (
				F04761C95A0CE62ED9B23543 /* [CP] Check Pods Manifest.lock */,
				0007747620CA8BDB00F513AC /* Sources */,
				0007747720CA8BDB00F513AC /* Frameworks */,
				0007747820CA8BDB00F513AC /* Resources */,
				C7BED7CF7038E0E9272008AA /* [CP] Copy Pods Resources */,
			);
			buildRules = (
			);
			dependencies = (
			);
			name = CCRuntimeOSX;
			productName = CCRuntimeOSX;
			productReference = 0007747A20CA8BDB00F513AC /* CCRuntimeOSX.app */;
			productType = "com.apple.product-type.application";
		};
		0007749420CAACF000F513AC /* CCRuntimeSwiftOSX */ = {
			isa = PBXNativeTarget;
			buildConfigurationList = 000774A220CAACF100F513AC /* Build configuration list for PBXNativeTarget "CCRuntimeSwiftOSX" */;
			buildPhases = (
				2FF9774BA59C1B87518DACCC /* [CP] Check Pods Manifest.lock */,
				0007749120CAACF000F513AC /* Sources */,
				0007749220CAACF000F513AC /* Frameworks */,
				0007749320CAACF000F513AC /* Resources */,
				57F7C9AFCE683DBE1E3A9EFD /* [CP] Copy Pods Resources */,
			);
			buildRules = (
			);
			dependencies = (
			);
			name = CCRuntimeSwiftOSX;
			productName = CCRuntimeSwiftOSX;
			productReference = 0007749520CAACF000F513AC /* CCRuntimeSwiftOSX.app */;
			productType = "com.apple.product-type.application";
		};
		0082B15A20BE612F007A86E6 /* CCRuntimeDemo */ = {
			isa = PBXNativeTarget;
			buildConfigurationList = 0082B17120BE6130007A86E6 /* Build configuration list for PBXNativeTarget "CCRuntimeDemo" */;
			buildPhases = (
				E22CC92FD83BE1616DFD5260 /* [CP] Check Pods Manifest.lock */,
				0082B15720BE612F007A86E6 /* Sources */,
				0082B15820BE612F007A86E6 /* Frameworks */,
				0082B15920BE612F007A86E6 /* Resources */,
				FB282EAA7D764DCFC56B71AE /* [CP] Copy Pods Resources */,
			);
			buildRules = (
			);
			dependencies = (
			);
			name = CCRuntimeDemo;
			productName = CCRuntimeDemo;
			productReference = 0082B15B20BE612F007A86E6 /* CCRuntimeDemo.app */;
			productType = "com.apple.product-type.application";
		};
/* End PBXNativeTarget section */

/* Begin PBXProject section */
		0082B15320BE612F007A86E6 /* Project object */ = {
			isa = PBXProject;
			attributes = {
				CLASSPREFIX = CC;
				LastSwiftUpdateCheck = 0940;
				LastUpgradeCheck = 0930;
				ORGANIZATIONNAME = "cc | ccworld1000@gmail.com";
				TargetAttributes = {
					0007743B20CA89C200F513AC = {
						CreatedOnToolsVersion = 9.4;
					};
					0007747920CA8BDB00F513AC = {
						CreatedOnToolsVersion = 9.4;
					};
					0007749420CAACF000F513AC = {
						CreatedOnToolsVersion = 9.4;
					};
					0082B15A20BE612F007A86E6 = {
						CreatedOnToolsVersion = 9.3;
					};
				};
			};
			buildConfigurationList = 0082B15620BE612F007A86E6 /* Build configuration list for PBXProject "CCRuntimeDemo" */;
			compatibilityVersion = "Xcode 9.3";
			developmentRegion = en;
			hasScannedForEncodings = 0;
			knownRegions = (
				en,
				Base,
			);
			mainGroup = 0082B15220BE612F007A86E6;
			productRefGroup = 0082B15C20BE612F007A86E6 /* Products */;
			projectDirPath = "";
			projectRoot = "";
			targets = (
				0082B15A20BE612F007A86E6 /* CCRuntimeDemo */,
				0007747920CA8BDB00F513AC /* CCRuntimeOSX */,
				0007743B20CA89C200F513AC /* CCRuntimeSwiftiOS */,
				0007749420CAACF000F513AC /* CCRuntimeSwiftOSX */,
			);
		};
/* End PBXProject section */

/* Begin PBXResourcesBuildPhase section */
		0007743A20CA89C200F513AC /* Resources */ = {
			isa = PBXResourcesBuildPhase;
			buildActionMask = 2147483647;
			files = (
				0007744920CA89C300F513AC /* LaunchScreen.storyboard in Resources */,
				0007744620CA89C300F513AC /* Assets.xcassets in Resources */,
				0007744420CA89C200F513AC /* Main.storyboard in Resources */,
			);
			runOnlyForDeploymentPostprocessing = 0;
		};
		0007747820CA8BDB00F513AC /* Resources */ = {
			isa = PBXResourcesBuildPhase;
			buildActionMask = 2147483647;
			files = (
				0007748320CA8BDC00F513AC /* Assets.xcassets in Resources */,
				0007748620CA8BDC00F513AC /* Main.storyboard in Resources */,
			);
			runOnlyForDeploymentPostprocessing = 0;
		};
		0007749320CAACF000F513AC /* Resources */ = {
			isa = PBXResourcesBuildPhase;
			buildActionMask = 2147483647;
			files = (
				0007749C20CAACF100F513AC /* Assets.xcassets in Resources */,
				0007749F20CAACF100F513AC /* Main.storyboard in Resources */,
			);
			runOnlyForDeploymentPostprocessing = 0;
		};
		0082B15920BE612F007A86E6 /* Resources */ = {
			isa = PBXResourcesBuildPhase;
			buildActionMask = 2147483647;
			files = (
				0082B16B20BE6130007A86E6 /* LaunchScreen.storyboard in Resources */,
				0082B16820BE6130007A86E6 /* Assets.xcassets in Resources */,
				0082B16620BE612F007A86E6 /* Main.storyboard in Resources */,
			);
			runOnlyForDeploymentPostprocessing = 0;
		};
/* End PBXResourcesBuildPhase section */

/* Begin PBXShellScriptBuildPhase section */
		1E55B00609866D2BF3DF8749 /* [CP] Copy Pods Resources */ = {
			isa = PBXShellScriptBuildPhase;
			buildActionMask = 2147483647;
			files = (
			);
			inputFileListPaths = (
				"${PODS_ROOT}/Target Support Files/Pods-CCRuntimeSwiftiOS/Pods-CCRuntimeSwiftiOS-resources-${CONFIGURATION}-input-files.xcfilelist",
			);
			name = "[CP] Copy Pods Resources";
			outputFileListPaths = (
				"${PODS_ROOT}/Target Support Files/Pods-CCRuntimeSwiftiOS/Pods-CCRuntimeSwiftiOS-resources-${CONFIGURATION}-output-files.xcfilelist",
			);
			runOnlyForDeploymentPostprocessing = 0;
			shellPath = /bin/sh;
			shellScript = "\"${PODS_ROOT}/Target Support Files/Pods-CCRuntimeSwiftiOS/Pods-CCRuntimeSwiftiOS-resources.sh\"\n";
			showEnvVarsInLog = 0;
		};
		2FF9774BA59C1B87518DACCC /* [CP] Check Pods Manifest.lock */ = {
			isa = PBXShellScriptBuildPhase;
			buildActionMask = 2147483647;
			files = (
			);
			inputPaths = (
				"${PODS_PODFILE_DIR_PATH}/Podfile.lock",
				"${PODS_ROOT}/Manifest.lock",
			);
			name = "[CP] Check Pods Manifest.lock";
			outputPaths = (
				"$(DERIVED_FILE_DIR)/Pods-CCRuntimeSwiftOSX-checkManifestLockResult.txt",
			);
			runOnlyForDeploymentPostprocessing = 0;
			shellPath = /bin/sh;
			shellScript = "diff \"${PODS_PODFILE_DIR_PATH}/Podfile.lock\" \"${PODS_ROOT}/Manifest.lock\" > /dev/null\nif [ $? != 0 ] ; then\n    # print error to STDERR\n    echo \"error: The sandbox is not in sync with the Podfile.lock. Run 'pod install' or update your CocoaPods installation.\" >&2\n    exit 1\nfi\n# This output is used by Xcode 'outputs' to avoid re-running this script phase.\necho \"SUCCESS\" > \"${SCRIPT_OUTPUT_FILE_0}\"\n";
			showEnvVarsInLog = 0;
		};
		57F7C9AFCE683DBE1E3A9EFD /* [CP] Copy Pods Resources */ = {
			isa = PBXShellScriptBuildPhase;
			buildActionMask = 2147483647;
			files = (
			);
			inputFileListPaths = (
				"${PODS_ROOT}/Target Support Files/Pods-CCRuntimeSwiftOSX/Pods-CCRuntimeSwiftOSX-resources-${CONFIGURATION}-input-files.xcfilelist",
			);
			name = "[CP] Copy Pods Resources";
			outputFileListPaths = (
				"${PODS_ROOT}/Target Support Files/Pods-CCRuntimeSwiftOSX/Pods-CCRuntimeSwiftOSX-resources-${CONFIGURATION}-output-files.xcfilelist",
			);
			runOnlyForDeploymentPostprocessing = 0;
			shellPath = /bin/sh;
			shellScript = "\"${PODS_ROOT}/Target Support Files/Pods-CCRuntimeSwiftOSX/Pods-CCRuntimeSwiftOSX-resources.sh\"\n";
			showEnvVarsInLog = 0;
		};
		C7BED7CF7038E0E9272008AA /* [CP] Copy Pods Resources */ = {
			isa = PBXShellScriptBuildPhase;
			buildActionMask = 2147483647;
			files = (
			);
			inputFileListPaths = (
				"${PODS_ROOT}/Target Support Files/Pods-CCRuntimeOSX/Pods-CCRuntimeOSX-resources-${CONFIGURATION}-input-files.xcfilelist",
			);
			name = "[CP] Copy Pods Resources";
			outputFileListPaths = (
				"${PODS_ROOT}/Target Support Files/Pods-CCRuntimeOSX/Pods-CCRuntimeOSX-resources-${CONFIGURATION}-output-files.xcfilelist",
			);
			runOnlyForDeploymentPostprocessing = 0;
			shellPath = /bin/sh;
			shellScript = "\"${PODS_ROOT}/Target Support Files/Pods-CCRuntimeOSX/Pods-CCRuntimeOSX-resources.sh\"\n";
			showEnvVarsInLog = 0;
		};
		E22CC92FD83BE1616DFD5260 /* [CP] Check Pods Manifest.lock */ = {
			isa = PBXShellScriptBuildPhase;
			buildActionMask = 2147483647;
			files = (
			);
			inputPaths = (
				"${PODS_PODFILE_DIR_PATH}/Podfile.lock",
				"${PODS_ROOT}/Manifest.lock",
			);
			name = "[CP] Check Pods Manifest.lock";
			outputPaths = (
				"$(DERIVED_FILE_DIR)/Pods-CCRuntimeDemo-checkManifestLockResult.txt",
			);
			runOnlyForDeploymentPostprocessing = 0;
			shellPath = /bin/sh;
			shellScript = "diff \"${PODS_PODFILE_DIR_PATH}/Podfile.lock\" \"${PODS_ROOT}/Manifest.lock\" > /dev/null\nif [ $? != 0 ] ; then\n    # print error to STDERR\n    echo \"error: The sandbox is not in sync with the Podfile.lock. Run 'pod install' or update your CocoaPods installation.\" >&2\n    exit 1\nfi\n# This output is used by Xcode 'outputs' to avoid re-running this script phase.\necho \"SUCCESS\" > \"${SCRIPT_OUTPUT_FILE_0}\"\n";
			showEnvVarsInLog = 0;
		};
		F04761C95A0CE62ED9B23543 /* [CP] Check Pods Manifest.lock */ = {
			isa = PBXShellScriptBuildPhase;
			buildActionMask = 2147483647;
			files = (
			);
			inputPaths = (
				"${PODS_PODFILE_DIR_PATH}/Podfile.lock",
				"${PODS_ROOT}/Manifest.lock",
			);
			name = "[CP] Check Pods Manifest.lock";
			outputPaths = (
				"$(DERIVED_FILE_DIR)/Pods-CCRuntimeOSX-checkManifestLockResult.txt",
			);
			runOnlyForDeploymentPostprocessing = 0;
			shellPath = /bin/sh;
			shellScript = "diff \"${PODS_PODFILE_DIR_PATH}/Podfile.lock\" \"${PODS_ROOT}/Manifest.lock\" > /dev/null\nif [ $? != 0 ] ; then\n    # print error to STDERR\n    echo \"error: The sandbox is not in sync with the Podfile.lock. Run 'pod install' or update your CocoaPods installation.\" >&2\n    exit 1\nfi\n# This output is used by Xcode 'outputs' to avoid re-running this script phase.\necho \"SUCCESS\" > \"${SCRIPT_OUTPUT_FILE_0}\"\n";
			showEnvVarsInLog = 0;
		};
		F10B5E306A99D7F8BE38915B /* [CP] Check Pods Manifest.lock */ = {
			isa = PBXShellScriptBuildPhase;
			buildActionMask = 2147483647;
			files = (
			);
			inputPaths = (
				"${PODS_PODFILE_DIR_PATH}/Podfile.lock",
				"${PODS_ROOT}/Manifest.lock",
			);
			name = "[CP] Check Pods Manifest.lock";
			outputPaths = (
				"$(DERIVED_FILE_DIR)/Pods-CCRuntimeSwiftiOS-checkManifestLockResult.txt",
			);
			runOnlyForDeploymentPostprocessing = 0;
			shellPath = /bin/sh;
			shellScript = "diff \"${PODS_PODFILE_DIR_PATH}/Podfile.lock\" \"${PODS_ROOT}/Manifest.lock\" > /dev/null\nif [ $? != 0 ] ; then\n    # print error to STDERR\n    echo \"error: The sandbox is not in sync with the Podfile.lock. Run 'pod install' or update your CocoaPods installation.\" >&2\n    exit 1\nfi\n# This output is used by Xcode 'outputs' to avoid re-running this script phase.\necho \"SUCCESS\" > \"${SCRIPT_OUTPUT_FILE_0}\"\n";
			showEnvVarsInLog = 0;
		};
		FB282EAA7D764DCFC56B71AE /* [CP] Copy Pods Resources */ = {
			isa = PBXShellScriptBuildPhase;
			buildActionMask = 2147483647;
			files = (
			);
			inputFileListPaths = (
				"${PODS_ROOT}/Target Support Files/Pods-CCRuntimeDemo/Pods-CCRuntimeDemo-resources-${CONFIGURATION}-input-files.xcfilelist",
			);
			name = "[CP] Copy Pods Resources";
			outputFileListPaths = (
				"${PODS_ROOT}/Target Support Files/Pods-CCRuntimeDemo/Pods-CCRuntimeDemo-resources-${CONFIGURATION}-output-files.xcfilelist",
			);
			runOnlyForDeploymentPostprocessing = 0;
			shellPath = /bin/sh;
			shellScript = "\"${PODS_ROOT}/Target Support Files/Pods-CCRuntimeDemo/Pods-CCRuntimeDemo-resources.sh\"\n";
			showEnvVarsInLog = 0;
		};
/* End PBXShellScriptBuildPhase section */

/* Begin PBXSourcesBuildPhase section */
		0007743820CA89C200F513AC /* Sources */ = {
			isa = PBXSourcesBuildPhase;
			buildActionMask = 2147483647;
			files = (
				0007744120CA89C200F513AC /* ViewController.swift in Sources */,
				0007748F20CAAC6A00F513AC /* CCRuntimeTest.m in Sources */,
				0007743F20CA89C200F513AC /* AppDelegate.swift in Sources */,
			);
			runOnlyForDeploymentPostprocessing = 0;
		};
		0007747620CA8BDB00F513AC /* Sources */ = {
			isa = PBXSourcesBuildPhase;
			buildActionMask = 2147483647;
			files = (
				0007748E20CAAC6900F513AC /* CCRuntimeTest.m in Sources */,
				0007748120CA8BDC00F513AC /* ViewController.m in Sources */,
				0007748920CA8BDC00F513AC /* main.m in Sources */,
				0007747E20CA8BDB00F513AC /* AppDelegate.m in Sources */,
			);
			runOnlyForDeploymentPostprocessing = 0;
		};
		0007749120CAACF000F513AC /* Sources */ = {
			isa = PBXSourcesBuildPhase;
			buildActionMask = 2147483647;
			files = (
				0007749A20CAACF000F513AC /* ViewController.swift in Sources */,
				000774A520CAB11800F513AC /* CCRuntimeTest.m in Sources */,
				0007749820CAACF000F513AC /* AppDelegate.swift in Sources */,
			);
			runOnlyForDeploymentPostprocessing = 0;
		};
		0082B15720BE612F007A86E6 /* Sources */ = {
			isa = PBXSourcesBuildPhase;
			buildActionMask = 2147483647;
			files = (
				0007741E20CA86A000F513AC /* CCRuntimeTest.m in Sources */,
				0082B16320BE612F007A86E6 /* ViewController.m in Sources */,
				0082B16E20BE6130007A86E6 /* main.m in Sources */,
				0082B16020BE612F007A86E6 /* AppDelegate.m in Sources */,
			);
			runOnlyForDeploymentPostprocessing = 0;
		};
/* End PBXSourcesBuildPhase section */

/* Begin PBXVariantGroup section */
		0007744220CA89C200F513AC /* Main.storyboard */ = {
			isa = PBXVariantGroup;
			children = (
				0007744320CA89C200F513AC /* Base */,
			);
			name = Main.storyboard;
			sourceTree = "<group>";
		};
		0007744720CA89C300F513AC /* LaunchScreen.storyboard */ = {
			isa = PBXVariantGroup;
			children = (
				0007744820CA89C300F513AC /* Base */,
			);
			name = LaunchScreen.storyboard;
			sourceTree = "<group>";
		};
		0007748420CA8BDC00F513AC /* Main.storyboard */ = {
			isa = PBXVariantGroup;
			children = (
				0007748520CA8BDC00F513AC /* Base */,
			);
			name = Main.storyboard;
			sourceTree = "<group>";
		};
		0007749D20CAACF100F513AC /* Main.storyboard */ = {
			isa = PBXVariantGroup;
			children = (
				0007749E20CAACF100F513AC /* Base */,
			);
			name = Main.storyboard;
			sourceTree = "<group>";
		};
		0082B16420BE612F007A86E6 /* Main.storyboard */ = {
			isa = PBXVariantGroup;
			children = (
				0082B16520BE612F007A86E6 /* Base */,
			);
			name = Main.storyboard;
			sourceTree = "<group>";
		};
		0082B16920BE6130007A86E6 /* LaunchScreen.storyboard */ = {
			isa = PBXVariantGroup;
			children = (
				0082B16A20BE6130007A86E6 /* Base */,
			);
			name = LaunchScreen.storyboard;
			sourceTree = "<group>";
		};
/* End PBXVariantGroup section */

/* Begin XCBuildConfiguration section */
		0007744C20CA89C300F513AC /* Debug */ = {
			isa = XCBuildConfiguration;
			baseConfigurationReference = C51C0DD8DD649E8714ED4F30 /* Pods-CCRuntimeSwiftiOS.debug.xcconfig */;
			buildSettings = {
				ASSETCATALOG_COMPILER_APPICON_NAME = AppIcon;
				CODE_SIGN_STYLE = Automatic;
				INFOPLIST_FILE = CCRuntimeSwiftiOS/Info.plist;
				IPHONEOS_DEPLOYMENT_TARGET = 11.4;
				LD_RUNPATH_SEARCH_PATHS = (
					"$(inherited)",
					"@executable_path/Frameworks",
				);
				PRODUCT_BUNDLE_IDENTIFIER = com.cc.CCRuntimeSwiftiOS;
				PRODUCT_NAME = "$(TARGET_NAME)";
				SWIFT_ACTIVE_COMPILATION_CONDITIONS = DEBUG;
				SWIFT_OBJC_BRIDGING_HEADER = "$(SRCROOT)/CCRuntimeSwiftiOS/CCRuntimeSwiftiOS-Bridging-Header.h";
				SWIFT_OPTIMIZATION_LEVEL = "-Onone";
				SWIFT_VERSION = 4.2;
				TARGETED_DEVICE_FAMILY = "1,2";
			};
			name = Debug;
		};
		0007744D20CA89C300F513AC /* Release */ = {
			isa = XCBuildConfiguration;
			baseConfigurationReference = DA8DB40D76A7AC519181A3D8 /* Pods-CCRuntimeSwiftiOS.release.xcconfig */;
			buildSettings = {
				ASSETCATALOG_COMPILER_APPICON_NAME = AppIcon;
				CODE_SIGN_STYLE = Automatic;
				INFOPLIST_FILE = CCRuntimeSwiftiOS/Info.plist;
				IPHONEOS_DEPLOYMENT_TARGET = 11.4;
				LD_RUNPATH_SEARCH_PATHS = (
					"$(inherited)",
					"@executable_path/Frameworks",
				);
				PRODUCT_BUNDLE_IDENTIFIER = com.cc.CCRuntimeSwiftiOS;
				PRODUCT_NAME = "$(TARGET_NAME)";
				SWIFT_COMPILATION_MODE = wholemodule;
				SWIFT_OBJC_BRIDGING_HEADER = "$(SRCROOT)/CCRuntimeSwiftiOS/CCRuntimeSwiftiOS-Bridging-Header.h";
				SWIFT_OPTIMIZATION_LEVEL = "-O";
				SWIFT_VERSION = 4.2;
				TARGETED_DEVICE_FAMILY = "1,2";
			};
			name = Release;
		};
		0007748C20CA8BDC00F513AC /* Debug */ = {
			isa = XCBuildConfiguration;
			baseConfigurationReference = 5132F37C8521420F6AF2A0AF /* Pods-CCRuntimeOSX.debug.xcconfig */;
			buildSettings = {
				ASSETCATALOG_COMPILER_APPICON_NAME = AppIcon;
				CODE_SIGN_ENTITLEMENTS = CCRuntimeOSX/CCRuntimeOSX.entitlements;
				CODE_SIGN_IDENTITY = "-";
				CODE_SIGN_STYLE = Automatic;
				COMBINE_HIDPI_IMAGES = YES;
				INFOPLIST_FILE = CCRuntimeOSX/Info.plist;
				LD_RUNPATH_SEARCH_PATHS = (
					"$(inherited)",
					"@executable_path/../Frameworks",
				);
				MACOSX_DEPLOYMENT_TARGET = 10.13;
				PRODUCT_BUNDLE_IDENTIFIER = com.cc.CCRuntimeOSX;
				PRODUCT_NAME = "$(TARGET_NAME)";
				SDKROOT = macosx;
			};
			name = Debug;
		};
		0007748D20CA8BDC00F513AC /* Release */ = {
			isa = XCBuildConfiguration;
			baseConfigurationReference = 43046489B9D73352BA2C6613 /* Pods-CCRuntimeOSX.release.xcconfig */;
			buildSettings = {
				ASSETCATALOG_COMPILER_APPICON_NAME = AppIcon;
				CODE_SIGN_ENTITLEMENTS = CCRuntimeOSX/CCRuntimeOSX.entitlements;
				CODE_SIGN_IDENTITY = "-";
				CODE_SIGN_STYLE = Automatic;
				COMBINE_HIDPI_IMAGES = YES;
				INFOPLIST_FILE = CCRuntimeOSX/Info.plist;
				LD_RUNPATH_SEARCH_PATHS = (
					"$(inherited)",
					"@executable_path/../Frameworks",
				);
				MACOSX_DEPLOYMENT_TARGET = 10.13;
				PRODUCT_BUNDLE_IDENTIFIER = com.cc.CCRuntimeOSX;
				PRODUCT_NAME = "$(TARGET_NAME)";
				SDKROOT = macosx;
			};
			name = Release;
		};
		000774A320CAACF100F513AC /* Debug */ = {
			isa = XCBuildConfiguration;
			baseConfigurationReference = BD5B40E4C1B9FD900D3DBF76 /* Pods-CCRuntimeSwiftOSX.debug.xcconfig */;
			buildSettings = {
				ASSETCATALOG_COMPILER_APPICON_NAME = AppIcon;
				CODE_SIGN_ENTITLEMENTS = CCRuntimeSwiftOSX/CCRuntimeSwiftOSX.entitlements;
				CODE_SIGN_IDENTITY = "-";
				CODE_SIGN_STYLE = Automatic;
				COMBINE_HIDPI_IMAGES = YES;
				INFOPLIST_FILE = CCRuntimeSwiftOSX/Info.plist;
				LD_RUNPATH_SEARCH_PATHS = (
					"$(inherited)",
					"@executable_path/../Frameworks",
				);
				MACOSX_DEPLOYMENT_TARGET = 10.13;
				PRODUCT_BUNDLE_IDENTIFIER = com.cc.CCRuntimeSwiftOSX;
				PRODUCT_NAME = "$(TARGET_NAME)";
				SDKROOT = macosx;
				SWIFT_ACTIVE_COMPILATION_CONDITIONS = DEBUG;
				SWIFT_OBJC_BRIDGING_HEADER = "$(SRCROOT)/CCRuntimeSwiftOSX/CCRuntimeSwiftOSX-Bridging-Header.h";
				SWIFT_OPTIMIZATION_LEVEL = "-Onone";
				SWIFT_VERSION = 4.2;
			};
			name = Debug;
		};
		000774A420CAACF100F513AC /* Release */ = {
			isa = XCBuildConfiguration;
			baseConfigurationReference = 35519B67314E58F119184E4B /* Pods-CCRuntimeSwiftOSX.release.xcconfig */;
			buildSettings = {
				ASSETCATALOG_COMPILER_APPICON_NAME = AppIcon;
				CODE_SIGN_ENTITLEMENTS = CCRuntimeSwiftOSX/CCRuntimeSwiftOSX.entitlements;
				CODE_SIGN_IDENTITY = "-";
				CODE_SIGN_STYLE = Automatic;
				COMBINE_HIDPI_IMAGES = YES;
				INFOPLIST_FILE = CCRuntimeSwiftOSX/Info.plist;
				LD_RUNPATH_SEARCH_PATHS = (
					"$(inherited)",
					"@executable_path/../Frameworks",
				);
				MACOSX_DEPLOYMENT_TARGET = 10.13;
				PRODUCT_BUNDLE_IDENTIFIER = com.cc.CCRuntimeSwiftOSX;
				PRODUCT_NAME = "$(TARGET_NAME)";
				SDKROOT = macosx;
				SWIFT_COMPILATION_MODE = wholemodule;
				SWIFT_OBJC_BRIDGING_HEADER = "$(SRCROOT)/CCRuntimeSwiftOSX/CCRuntimeSwiftOSX-Bridging-Header.h";
				SWIFT_OPTIMIZATION_LEVEL = "-O";
				SWIFT_VERSION = 4.2;
			};
			name = Release;
		};
		0082B16F20BE6130007A86E6 /* Debug */ = {
			isa = XCBuildConfiguration;
			buildSettings = {
				ALWAYS_SEARCH_USER_PATHS = NO;
				CLANG_ANALYZER_NONNULL = YES;
				CLANG_ANALYZER_NUMBER_OBJECT_CONVERSION = YES_AGGRESSIVE;
				CLANG_CXX_LANGUAGE_STANDARD = "gnu++14";
				CLANG_CXX_LIBRARY = "libc++";
				CLANG_ENABLE_MODULES = YES;
				CLANG_ENABLE_OBJC_ARC = YES;
				CLANG_ENABLE_OBJC_WEAK = YES;
				CLANG_WARN_BLOCK_CAPTURE_AUTORELEASING = YES;
				CLANG_WARN_BOOL_CONVERSION = YES;
				CLANG_WARN_COMMA = YES;
				CLANG_WARN_CONSTANT_CONVERSION = YES;
				CLANG_WARN_DEPRECATED_OBJC_IMPLEMENTATIONS = YES;
				CLANG_WARN_DIRECT_OBJC_ISA_USAGE = YES_ERROR;
				CLANG_WARN_DOCUMENTATION_COMMENTS = YES;
				CLANG_WARN_EMPTY_BODY = YES;
				CLANG_WARN_ENUM_CONVERSION = YES;
				CLANG_WARN_INFINITE_RECURSION = YES;
				CLANG_WARN_INT_CONVERSION = YES;
				CLANG_WARN_NON_LITERAL_NULL_CONVERSION = YES;
				CLANG_WARN_OBJC_IMPLICIT_RETAIN_SELF = YES;
				CLANG_WARN_OBJC_LITERAL_CONVERSION = YES;
				CLANG_WARN_OBJC_ROOT_CLASS = YES_ERROR;
				CLANG_WARN_RANGE_LOOP_ANALYSIS = YES;
				CLANG_WARN_STRICT_PROTOTYPES = YES;
				CLANG_WARN_SUSPICIOUS_MOVE = YES;
				CLANG_WARN_UNGUARDED_AVAILABILITY = YES_AGGRESSIVE;
				CLANG_WARN_UNREACHABLE_CODE = YES;
				CLANG_WARN__DUPLICATE_METHOD_MATCH = YES;
				CODE_SIGN_IDENTITY = "iPhone Developer";
				COPY_PHASE_STRIP = NO;
				DEBUG_INFORMATION_FORMAT = dwarf;
				ENABLE_STRICT_OBJC_MSGSEND = YES;
				ENABLE_TESTABILITY = YES;
				GCC_C_LANGUAGE_STANDARD = gnu11;
				GCC_DYNAMIC_NO_PIC = NO;
				GCC_NO_COMMON_BLOCKS = YES;
				GCC_OPTIMIZATION_LEVEL = 0;
				GCC_PREPROCESSOR_DEFINITIONS = (
					"DEBUG=1",
					"$(inherited)",
				);
				GCC_WARN_64_TO_32_BIT_CONVERSION = YES;
				GCC_WARN_ABOUT_RETURN_TYPE = YES_ERROR;
				GCC_WARN_UNDECLARED_SELECTOR = YES;
				GCC_WARN_UNINITIALIZED_AUTOS = YES_AGGRESSIVE;
				GCC_WARN_UNUSED_FUNCTION = YES;
				GCC_WARN_UNUSED_VARIABLE = YES;
				IPHONEOS_DEPLOYMENT_TARGET = 11.3;
				MTL_ENABLE_DEBUG_INFO = YES;
				ONLY_ACTIVE_ARCH = YES;
				SDKROOT = iphoneos;
			};
			name = Debug;
		};
		0082B17020BE6130007A86E6 /* Release */ = {
			isa = XCBuildConfiguration;
			buildSettings = {
				ALWAYS_SEARCH_USER_PATHS = NO;
				CLANG_ANALYZER_NONNULL = YES;
				CLANG_ANALYZER_NUMBER_OBJECT_CONVERSION = YES_AGGRESSIVE;
				CLANG_CXX_LANGUAGE_STANDARD = "gnu++14";
				CLANG_CXX_LIBRARY = "libc++";
				CLANG_ENABLE_MODULES = YES;
				CLANG_ENABLE_OBJC_ARC = YES;
				CLANG_ENABLE_OBJC_WEAK = YES;
				CLANG_WARN_BLOCK_CAPTURE_AUTORELEASING = YES;
				CLANG_WARN_BOOL_CONVERSION = YES;
				CLANG_WARN_COMMA = YES;
				CLANG_WARN_CONSTANT_CONVERSION = YES;
				CLANG_WARN_DEPRECATED_OBJC_IMPLEMENTATIONS = YES;
				CLANG_WARN_DIRECT_OBJC_ISA_USAGE = YES_ERROR;
				CLANG_WARN_DOCUMENTATION_COMMENTS = YES;
				CLANG_WARN_EMPTY_BODY = YES;
				CLANG_WARN_ENUM_CONVERSION = YES;
				CLANG_WARN_INFINITE_RECURSION = YES;
				CLANG_WARN_INT_CONVERSION = YES;
				CLANG_WARN_NON_LITERAL_NULL_CONVERSION = YES;
				CLANG_WARN_OBJC_IMPLICIT_RETAIN_SELF = YES;
				CLANG_WARN_OBJC_LITERAL_CONVERSION = YES;
				CLANG_WARN_OBJC_ROOT_CLASS = YES_ERROR;
				CLANG_WARN_RANGE_LOOP_ANALYSIS = YES;
				CLANG_WARN_STRICT_PROTOTYPES = YES;
				CLANG_WARN_SUSPICIOUS_MOVE = YES;
				CLANG_WARN_UNGUARDED_AVAILABILITY = YES_AGGRESSIVE;
				CLANG_WARN_UNREACHABLE_CODE = YES;
				CLANG_WARN__DUPLICATE_METHOD_MATCH = YES;
				CODE_SIGN_IDENTITY = "iPhone Developer";
				COPY_PHASE_STRIP = NO;
				DEBUG_INFORMATION_FORMAT = "dwarf-with-dsym";
				ENABLE_NS_ASSERTIONS = NO;
				ENABLE_STRICT_OBJC_MSGSEND = YES;
				GCC_C_LANGUAGE_STANDARD = gnu11;
				GCC_NO_COMMON_BLOCKS = YES;
				GCC_WARN_64_TO_32_BIT_CONVERSION = YES;
				GCC_WARN_ABOUT_RETURN_TYPE = YES_ERROR;
				GCC_WARN_UNDECLARED_SELECTOR = YES;
				GCC_WARN_UNINITIALIZED_AUTOS = YES_AGGRESSIVE;
				GCC_WARN_UNUSED_FUNCTION = YES;
				GCC_WARN_UNUSED_VARIABLE = YES;
				IPHONEOS_DEPLOYMENT_TARGET = 11.3;
				MTL_ENABLE_DEBUG_INFO = NO;
				SDKROOT = iphoneos;
				VALIDATE_PRODUCT = YES;
			};
			name = Release;
		};
		0082B17220BE6130007A86E6 /* Debug */ = {
			isa = XCBuildConfiguration;
			baseConfigurationReference = B6E5780457B3D17BE6DFBB1B /* Pods-CCRuntimeDemo.debug.xcconfig */;
			buildSettings = {
				ASSETCATALOG_COMPILER_APPICON_NAME = AppIcon;
				CODE_SIGN_STYLE = Automatic;
				INFOPLIST_FILE = CCRuntimeDemo/Info.plist;
				LD_RUNPATH_SEARCH_PATHS = (
					"$(inherited)",
					"@executable_path/Frameworks",
				);
				PRODUCT_BUNDLE_IDENTIFIER = com.cc.CCRuntimeDemo;
				PRODUCT_NAME = "$(TARGET_NAME)";
				TARGETED_DEVICE_FAMILY = "1,2";
			};
			name = Debug;
		};
		0082B17320BE6130007A86E6 /* Release */ = {
			isa = XCBuildConfiguration;
			baseConfigurationReference = 3036DEF9DFADE884AC7ECDB5 /* Pods-CCRuntimeDemo.release.xcconfig */;
			buildSettings = {
				ASSETCATALOG_COMPILER_APPICON_NAME = AppIcon;
				CODE_SIGN_STYLE = Automatic;
				INFOPLIST_FILE = CCRuntimeDemo/Info.plist;
				LD_RUNPATH_SEARCH_PATHS = (
					"$(inherited)",
					"@executable_path/Frameworks",
				);
				PRODUCT_BUNDLE_IDENTIFIER = com.cc.CCRuntimeDemo;
				PRODUCT_NAME = "$(TARGET_NAME)";
				TARGETED_DEVICE_FAMILY = "1,2";
			};
			name = Release;
		};
/* End XCBuildConfiguration section */

/* Begin XCConfigurationList section */
		0007744B20CA89C300F513AC /* Build configuration list for PBXNativeTarget "CCRuntimeSwiftiOS" */ = {
			isa = XCConfigurationList;
			buildConfigurations = (
				0007744C20CA89C300F513AC /* Debug */,
				0007744D20CA89C300F513AC /* Release */,
			);
			defaultConfigurationIsVisible = 0;
			defaultConfigurationName = Release;
		};
		0007748B20CA8BDC00F513AC /* Build configuration list for PBXNativeTarget "CCRuntimeOSX" */ = {
			isa = XCConfigurationList;
			buildConfigurations = (
				0007748C20CA8BDC00F513AC /* Debug */,
				0007748D20CA8BDC00F513AC /* Release */,
			);
			defaultConfigurationIsVisible = 0;
			defaultConfigurationName = Release;
		};
		000774A220CAACF100F513AC /* Build configuration list for PBXNativeTarget "CCRuntimeSwiftOSX" */ = {
			isa = XCConfigurationList;
			buildConfigurations = (
				000774A320CAACF100F513AC /* Debug */,
				000774A420CAACF100F513AC /* Release */,
			);
			defaultConfigurationIsVisible = 0;
			defaultConfigurationName = Release;
		};
		0082B15620BE612F007A86E6 /* Build configuration list for PBXProject "CCRuntimeDemo" */ = {
			isa = XCConfigurationList;
			buildConfigurations = (
				0082B16F20BE6130007A86E6 /* Debug */,
				0082B17020BE6130007A86E6 /* Release */,
			);
			defaultConfigurationIsVisible = 0;
			defaultConfigurationName = Release;
		};
		0082B17120BE6130007A86E6 /* Build configuration list for PBXNativeTarget "CCRuntimeDemo" */ = {
			isa = XCConfigurationList;
			buildConfigurations = (
				0082B17220BE6130007A86E6 /* Debug */,
				0082B17320BE6130007A86E6 /* Release */,
			);
			defaultConfigurationIsVisible = 0;
			defaultConfigurationName = Release;
		};
/* End XCConfigurationList section */
	};
	rootObject = 0082B15320BE612F007A86E6 /* Project object */;
}
